
Microsoft Visual Studio Solution File, Format Version 12.00
# Visual Studio Version 16
VisualStudioVersion = 16.0.31229.75
MinimumVisualStudioVersion = 10.0.40219.1
Project("{FAE04EC0-301F-11D3-BF4B-00C04F79EFBC}") = "PersonInfoSortedVersion", "PersonInfoSortedVersion.csproj", "{ACFEEA38-DFD4-4702-8705-D7B9A3AABEB9}"
EndProject
Global
	GlobalSection(SolutionConfigurationPlatforms) = preSolution
		Debug|Any CPU = Debug|Any CPU
		Release|Any CPU = Release|Any CPU
	EndGlobalSection
	GlobalSection(ProjectConfigurationPlatforms) = postSolution
		{ACFEEA38-DFD4-4702-8705-D7B9A3AABEB9}.Debug|Any CPU.ActiveCfg = Debug|Any CPU
		{ACFEEA38-DFD4-4702-8705-D7B9A3AABEB9}.Debug|Any CPU.Build.0 = Debug|Any CPU
		{ACFEEA38-DFD4-4702-8705-D7B9A3AABEB9}.Release|Any CPU.ActiveCfg = Release|Any CPU
		{ACFEEA38-DFD4-4702-8705-D7B9A3AABEB9}.Release|Any CPU.Build.0 = Release|Any CPU
	EndGlobalSection
	GlobalSection(SolutionProperties) = preSolution
		HideSolutionNode = FALSE
	EndGlobalSection
	GlobalSection(ExtensibilityGlobals) = postSolution
		SolutionGuid = {A86C8700-8418-448C-BEA6-8C7CF7DF47B2}
	EndGlobalSection
EndGlobal
