
Microsoft Visual Studio Solution File, Format Version 12.00
# Visual Studio Version 16
VisualStudioVersion = 16.0.31229.75
MinimumVisualStudioVersion = 10.0.40219.1
Project("{FAE04EC0-301F-11D3-BF4B-00C04F79EFBC}") = "PersonForm", "PersonForm.csproj", "{2CEB66BA-F90B-4850-A896-0FA9686D0EBA}"
EndProject
Global
	GlobalSection(SolutionConfigurationPlatforms) = preSolution
		Debug|Any CPU = Debug|Any CPU
		Release|Any CPU = Release|Any CPU
	EndGlobalSection
	GlobalSection(ProjectConfigurationPlatforms) = postSolution
		{2CEB66BA-F90B-4850-A896-0FA9686D0EBA}.Debug|Any CPU.ActiveCfg = Debug|Any CPU
		{2CEB66BA-F90B-4850-A896-0FA9686D0EBA}.Debug|Any CPU.Build.0 = Debug|Any CPU
		{2CEB66BA-F90B-4850-A896-0FA9686D0EBA}.Release|Any CPU.ActiveCfg = Release|Any CPU
		{2CEB66BA-F90B-4850-A896-0FA9686D0EBA}.Release|Any CPU.Build.0 = Release|Any CPU
	EndGlobalSection
	GlobalSection(SolutionProperties) = preSolution
		HideSolutionNode = FALSE
	EndGlobalSection
	GlobalSection(ExtensibilityGlobals) = postSolution
		SolutionGuid = {E4D46F09-F575-4E46-83AF-F8FD2E1D104B}
	EndGlobalSection
EndGlobal
