
Microsoft Visual Studio Solution File, Format Version 12.00
# Visual Studio Version 16
VisualStudioVersion = 16.0.31205.134
MinimumVisualStudioVersion = 10.0.40219.1
Project("{FAE04EC0-301F-11D3-BF4B-00C04F79EFBC}") = "Week7.Tasks", "Week7.Tasks.csproj", "{9695FFE1-B92F-4C93-A087-D35BD1BBE48F}"
EndProject
Global
	GlobalSection(SolutionConfigurationPlatforms) = preSolution
		Debug|Any CPU = Debug|Any CPU
		Release|Any CPU = Release|Any CPU
	EndGlobalSection
	GlobalSection(ProjectConfigurationPlatforms) = postSolution
		{9695FFE1-B92F-4C93-A087-D35BD1BBE48F}.Debug|Any CPU.ActiveCfg = Debug|Any CPU
		{9695FFE1-B92F-4C93-A087-D35BD1BBE48F}.Debug|Any CPU.Build.0 = Debug|Any CPU
		{9695FFE1-B92F-4C93-A087-D35BD1BBE48F}.Release|Any CPU.ActiveCfg = Release|Any CPU
		{9695FFE1-B92F-4C93-A087-D35BD1BBE48F}.Release|Any CPU.Build.0 = Release|Any CPU
	EndGlobalSection
	GlobalSection(SolutionProperties) = preSolution
		HideSolutionNode = FALSE
	EndGlobalSection
	GlobalSection(ExtensibilityGlobals) = postSolution
		SolutionGuid = {AB919107-5BFD-45C5-B572-6886F6970091}
	EndGlobalSection
EndGlobal
