
Microsoft Visual Studio Solution File, Format Version 12.00
# Visual Studio Version 16
VisualStudioVersion = 16.0.31112.23
MinimumVisualStudioVersion = 10.0.40219.1
Project("{FAE04EC0-301F-11D3-BF4B-00C04F79EFBC}") = "Week3.Task", "Week3.Task\Week3.Task.csproj", "{6AE9CB54-58D3-44AB-BF3F-D2C60FB25A1B}"
EndProject
Global
	GlobalSection(SolutionConfigurationPlatforms) = preSolution
		Debug|Any CPU = Debug|Any CPU
		Release|Any CPU = Release|Any CPU
	EndGlobalSection
	GlobalSection(ProjectConfigurationPlatforms) = postSolution
		{6AE9CB54-58D3-44AB-BF3F-D2C60FB25A1B}.Debug|Any CPU.ActiveCfg = Debug|Any CPU
		{6AE9CB54-58D3-44AB-BF3F-D2C60FB25A1B}.Debug|Any CPU.Build.0 = Debug|Any CPU
		{6AE9CB54-58D3-44AB-BF3F-D2C60FB25A1B}.Release|Any CPU.ActiveCfg = Release|Any CPU
		{6AE9CB54-58D3-44AB-BF3F-D2C60FB25A1B}.Release|Any CPU.Build.0 = Release|Any CPU
	EndGlobalSection
	GlobalSection(SolutionProperties) = preSolution
		HideSolutionNode = FALSE
	EndGlobalSection
	GlobalSection(ExtensibilityGlobals) = postSolution
		SolutionGuid = {A1F3AE6D-9B8A-472B-A7A8-F385DD07832E}
	EndGlobalSection
EndGlobal
