
Microsoft Visual Studio Solution File, Format Version 12.00
# Visual Studio Version 16
VisualStudioVersion = 16.0.31129.286
MinimumVisualStudioVersion = 10.0.40219.1
Project("{FAE04EC0-301F-11D3-BF4B-00C04F79EFBC}") = "Week4.Task", "Week4.Task\Week4.Task.csproj", "{F81881B1-A157-4548-BD12-CB84E560CA1B}"
EndProject
Global
	GlobalSection(SolutionConfigurationPlatforms) = preSolution
		Debug|Any CPU = Debug|Any CPU
		Release|Any CPU = Release|Any CPU
	EndGlobalSection
	GlobalSection(ProjectConfigurationPlatforms) = postSolution
		{F81881B1-A157-4548-BD12-CB84E560CA1B}.Debug|Any CPU.ActiveCfg = Debug|Any CPU
		{F81881B1-A157-4548-BD12-CB84E560CA1B}.Debug|Any CPU.Build.0 = Debug|Any CPU
		{F81881B1-A157-4548-BD12-CB84E560CA1B}.Release|Any CPU.ActiveCfg = Release|Any CPU
		{F81881B1-A157-4548-BD12-CB84E560CA1B}.Release|Any CPU.Build.0 = Release|Any CPU
	EndGlobalSection
	GlobalSection(SolutionProperties) = preSolution
		HideSolutionNode = FALSE
	EndGlobalSection
	GlobalSection(ExtensibilityGlobals) = postSolution
		SolutionGuid = {06EC4904-348C-4FE8-80CA-BEB63FC2D32E}
	EndGlobalSection
EndGlobal
